// !$*UTF8*$!
{
	archiveVersion = 1;
	classes = {
	};
	objectVersion = 46;
	objects = {

/* Begin PBXBuildFile section */
		F085C82219AD440F0007BDDC /* main.cpp in Sources */ = {isa = PBXBuildFile; fileRef = F085C82119AD440F0007BDDC /* main.cpp */; };
		F085C82419AD440F0007BDDC /* Makefile in Sources */ = {isa = PBXBuildFile; fileRef = F085C82319AD440F0007BDDC /* Makefile */; };
/* End PBXBuildFile section */

/* Begin PBXFileReference section */
		F085C81E19AD440F0007BDDC /* Index */ = {isa = PBXFileReference; explicitFileType = "compiled.mach-o.executable"; includeInIndex = 0; path = Index; sourceTree = BUILT_PRODUCTS_DIR; };
		F085C82119AD440F0007BDDC /* main.cpp */ = {isa = PBXFileReference; lastKnownFileType = sourcecode.cpp.cpp; path = main.cpp; sourceTree = "<group>"; };
		F085C82319AD440F0007BDDC /* Makefile */ = {isa = PBXFileReference; lastKnownFileType = sourcecode.make; path = Makefile; sourceTree = "<group>"; };
		F085C82619AD440F0007BDDC /* Sketchbook.txt */ = {isa = PBXFileReference; lastKnownFileType = text; name = Sketchbook.txt; path = Sketchbook/Sketchbook.txt; sourceTree = "<group>"; };
		F085C82819AD440F0007BDDC /* 4D Systems PICadillo 35T.xcconfig */ = {isa = PBXFileReference; lastKnownFileType = text.xcconfig; name = "4D Systems PICadillo 35T.xcconfig"; path = "Configurations/4D Systems PICadillo 35T.xcconfig"; sourceTree = "<group>"; };
		F085C82919AD440F0007BDDC /* Adafruit ATmega32U4 (USBtinyISP).xcconfig */ = {isa = PBXFileReference; lastKnownFileType = text.xcconfig; name = "Adafruit ATmega32U4 (USBtinyISP).xcconfig"; path = "Configurations/Adafruit ATmega32U4 (USBtinyISP).xcconfig"; sourceTree = "<group>"; };
		F085C82A19AD440F0007BDDC /* Arduino Due.xcconfig */ = {isa = PBXFileReference; lastKnownFileType = text.xcconfig; name = "Arduino Due.xcconfig"; path = "Configurations/Arduino Due.xcconfig"; sourceTree = "<group>"; };
		F085C82B19AD440F0007BDDC /* Arduino Duemilanove.xcconfig */ = {isa = PBXFileReference; lastKnownFileType = text.xcconfig; name = "Arduino Duemilanove.xcconfig"; path = "Configurations/Arduino Duemilanove.xcconfig"; sourceTree = "<group>"; };
		F085C82C19AD440F0007BDDC /* Arduino Leonardo.xcconfig */ = {isa = PBXFileReference; lastKnownFileType = text.xcconfig; name = "Arduino Leonardo.xcconfig"; path = "Configurations/Arduino Leonardo.xcconfig"; sourceTree = "<group>"; };
		F085C82D19AD440F0007BDDC /* Arduino Mega 2560.xcconfig */ = {isa = PBXFileReference; lastKnownFileType = text.xcconfig; name = "Arduino Mega 2560.xcconfig"; path = "Configurations/Arduino Mega 2560.xcconfig"; sourceTree = "<group>"; };
		F085C82E19AD440F0007BDDC /* Arduino Micro.xcconfig */ = {isa = PBXFileReference; lastKnownFileType = text.xcconfig; name = "Arduino Micro.xcconfig"; path = "Configurations/Arduino Micro.xcconfig"; sourceTree = "<group>"; };
		F085C82F19AD440F0007BDDC /* Arduino Pro with ATmega328-3.3V.xcconfig */ = {isa = PBXFileReference; lastKnownFileType = text.xcconfig; name = "Arduino Pro with ATmega328-3.3V.xcconfig"; path = "Configurations/Arduino Pro with ATmega328-3.3V.xcconfig"; sourceTree = "<group>"; };
		F085C83019AD440F0007BDDC /* Arduino Pro with ATmega328-5V.xcconfig */ = {isa = PBXFileReference; lastKnownFileType = text.xcconfig; name = "Arduino Pro with ATmega328-5V.xcconfig"; path = "Configurations/Arduino Pro with ATmega328-5V.xcconfig"; sourceTree = "<group>"; };
		F085C83119AD440F0007BDDC /* Arduino Mini with ATmega168.xcconfig */ = {isa = PBXFileReference; lastKnownFileType = text.xcconfig; name = "Arduino Mini with ATmega168.xcconfig"; path = "Configurations/Arduino Mini with ATmega168.xcconfig"; sourceTree = "<group>"; };
		F085C83219AD440F0007BDDC /* Arduino Mini with ATmega328.xcconfig */ = {isa = PBXFileReference; lastKnownFileType = text.xcconfig; name = "Arduino Mini with ATmega328.xcconfig"; path = "Configurations/Arduino Mini with ATmega328.xcconfig"; sourceTree = "<group>"; };
		F085C83319AD440F0007BDDC /* Arduino Nano with ATmega168.xcconfig */ = {isa = PBXFileReference; lastKnownFileType = text.xcconfig; name = "Arduino Nano with ATmega168.xcconfig"; path = "Configurations/Arduino Nano with ATmega168.xcconfig"; sourceTree = "<group>"; };
		F085C83419AD440F0007BDDC /* Arduino Nano with ATmega328.xcconfig */ = {isa = PBXFileReference; lastKnownFileType = text.xcconfig; name = "Arduino Nano with ATmega328.xcconfig"; path = "Configurations/Arduino Nano with ATmega328.xcconfig"; sourceTree = "<group>"; };
		F085C83519AD440F0007BDDC /* Arduino Robot Control.xcconfig */ = {isa = PBXFileReference; lastKnownFileType = text.xcconfig; name = "Arduino Robot Control.xcconfig"; path = "Configurations/Arduino Robot Control.xcconfig"; sourceTree = "<group>"; };
		F085C83619AD440F0007BDDC /* Arduino Robot Motor.xcconfig */ = {isa = PBXFileReference; lastKnownFileType = text.xcconfig; name = "Arduino Robot Motor.xcconfig"; path = "Configurations/Arduino Robot Motor.xcconfig"; sourceTree = "<group>"; };
		F085C83719AD440F0007BDDC /* Arduino Uno.xcconfig */ = {isa = PBXFileReference; lastKnownFileType = text.xcconfig; name = "Arduino Uno.xcconfig"; path = "Configurations/Arduino Uno.xcconfig"; sourceTree = "<group>"; };
		F085C83819AD440F0007BDDC /* Arduino Uno (USBtinyISP).xcconfig */ = {isa = PBXFileReference; lastKnownFileType = text.xcconfig; name = "Arduino Uno (USBtinyISP).xcconfig"; path = "Configurations/Arduino Uno (USBtinyISP).xcconfig"; sourceTree = "<group>"; };
		F085C83919AD440F0007BDDC /* Arduino Yun.xcconfig */ = {isa = PBXFileReference; lastKnownFileType = text.xcconfig; name = "Arduino Yun.xcconfig"; path = "Configurations/Arduino Yun.xcconfig"; sourceTree = "<group>"; };
		F085C83A19AD440F0007BDDC /* Arduino Yun (WiFi Ethernet).xcconfig */ = {isa = PBXFileReference; lastKnownFileType = text.xcconfig; name = "Arduino Yun (WiFi Ethernet).xcconfig"; path = "Configurations/Arduino Yun (WiFi Ethernet).xcconfig"; sourceTree = "<group>"; };
		F085C83B19AD440F0007BDDC /* chipKIT Uno32.xcconfig */ = {isa = PBXFileReference; lastKnownFileType = text.xcconfig; name = "chipKIT Uno32.xcconfig"; path = "Configurations/chipKIT Uno32.xcconfig"; sourceTree = "<group>"; };
		F085C83C19AD440F0007BDDC /* chipKIT Uno32 (PGM).xcconfig */ = {isa = PBXFileReference; lastKnownFileType = text.xcconfig; name = "chipKIT Uno32 (PGM).xcconfig"; path = "Configurations/chipKIT Uno32 (PGM).xcconfig"; sourceTree = "<group>"; };
		F085C83D19AD440F0007BDDC /* chipKIT Max32.xcconfig */ = {isa = PBXFileReference; lastKnownFileType = text.xcconfig; name = "chipKIT Max32.xcconfig"; path = "Configurations/chipKIT Max32.xcconfig"; sourceTree = "<group>"; };
		F085C83E19AD440F0007BDDC /* chipKIT uC32.xcconfig */ = {isa = PBXFileReference; lastKnownFileType = text.xcconfig; name = "chipKIT uC32.xcconfig"; path = "Configurations/chipKIT uC32.xcconfig"; sourceTree = "<group>"; };
		F085C83F19AD440F0007BDDC /* DFRobot BLuno.xcconfig */ = {isa = PBXFileReference; lastKnownFileType = text.xcconfig; name = "DFRobot BLuno.xcconfig"; path = "Configurations/DFRobot BLuno.xcconfig"; sourceTree = "<group>"; };
		F085C84019AD440F0007BDDC /* Digispark Tiny Core.xcconfig */ = {isa = PBXFileReference; lastKnownFileType = text.xcconfig; name = "Digispark Tiny Core.xcconfig"; path = "Configurations/Digispark Tiny Core.xcconfig"; sourceTree = "<group>"; };
		F085C84119AD440F0007BDDC /* Experimeter Board with MSP430FR5739.xcconfig */ = {isa = PBXFileReference; lastKnownFileType = text.xcconfig; name = "Experimeter Board with MSP430FR5739.xcconfig"; path = "Configurations/Experimeter Board with MSP430FR5739.xcconfig"; sourceTree = "<group>"; };
		F085C84219AD440F0007BDDC /* Intel Galileo.xcconfig */ = {isa = PBXFileReference; lastKnownFileType = text.xcconfig; name = "Intel Galileo.xcconfig"; path = "Configurations/Intel Galileo.xcconfig"; sourceTree = "<group>"; };
		F085C84319AD440F0007BDDC /* Intel Galileo Gen2.xcconfig */ = {isa = PBXFileReference; lastKnownFileType = text.xcconfig; name = "Intel Galileo Gen2.xcconfig"; path = "Configurations/Intel Galileo Gen2.xcconfig"; sourceTree = "<group>"; };
		F085C84419AD440F0007BDDC /* LaunchPad WiFi with CC3200.xcconfig */ = {isa = PBXFileReference; lastKnownFileType = text.xcconfig; name = "LaunchPad WiFi with CC3200.xcconfig"; path = "Configurations/LaunchPad WiFi with CC3200.xcconfig"; sourceTree = "<group>"; };
		F085C84519AD440F0007BDDC /* LaunchPad Stellaris with LM4F120.xcconfig */ = {isa = PBXFileReference; lastKnownFileType = text.xcconfig; name = "LaunchPad Stellaris with LM4F120.xcconfig"; path = "Configurations/LaunchPad Stellaris with LM4F120.xcconfig"; sourceTree = "<group>"; };
		F085C84619AD440F0007BDDC /* LaunchPad Tiva C with TM4C123.xcconfig */ = {isa = PBXFileReference; lastKnownFileType = text.xcconfig; name = "LaunchPad Tiva C with TM4C123.xcconfig"; path = "Configurations/LaunchPad Tiva C with TM4C123.xcconfig"; sourceTree = "<group>"; };
		F085C84719AD440F0007BDDC /* LaunchPad Tiva C with TM4C129.xcconfig */ = {isa = PBXFileReference; lastKnownFileType = text.xcconfig; name = "LaunchPad Tiva C with TM4C129.xcconfig"; path = "Configurations/LaunchPad Tiva C with TM4C129.xcconfig"; sourceTree = "<group>"; };
		F085C84819AD440F0007BDDC /* LaunchPad with MSP430G2553.xcconfig */ = {isa = PBXFileReference; lastKnownFileType = text.xcconfig; name = "LaunchPad with MSP430G2553.xcconfig"; path = "Configurations/LaunchPad with MSP430G2553.xcconfig"; sourceTree = "<group>"; };
		F085C84919AD440F0007BDDC /* LaunchPad with MSP430G2231.xcconfig */ = {isa = PBXFileReference; lastKnownFileType = text.xcconfig; name = "LaunchPad with MSP430G2231.xcconfig"; path = "Configurations/LaunchPad with MSP430G2231.xcconfig"; sourceTree = "<group>"; };
		F085C84A19AD440F0007BDDC /* LaunchPad with MSP430G2452.xcconfig */ = {isa = PBXFileReference; lastKnownFileType = text.xcconfig; name = "LaunchPad with MSP430G2452.xcconfig"; path = "Configurations/LaunchPad with MSP430G2452.xcconfig"; sourceTree = "<group>"; };
		F085C84B19AD440F0007BDDC /* LaunchPad with MSP430F5529.xcconfig */ = {isa = PBXFileReference; lastKnownFileType = text.xcconfig; name = "LaunchPad with MSP430F5529.xcconfig"; path = "Configurations/LaunchPad with MSP430F5529.xcconfig"; sourceTree = "<group>"; };
		F085C84C19AD440F0007BDDC /* LaunchPad with MSP430FR5969.xcconfig */ = {isa = PBXFileReference; lastKnownFileType = text.xcconfig; name = "LaunchPad with MSP430FR5969.xcconfig"; path = "Configurations/LaunchPad with MSP430FR5969.xcconfig"; sourceTree = "<group>"; };
		F085C84D19AD440F0007BDDC /* LightBlue Bean (Bluetooth).xcconfig */ = {isa = PBXFileReference; lastKnownFileType = text.xcconfig; name = "LightBlue Bean (Bluetooth).xcconfig"; path = "Configurations/LightBlue Bean (Bluetooth).xcconfig"; sourceTree = "<group>"; };
		F085C84E19AD440F0007BDDC /* Maple Flash revision 3+.xcconfig */ = {isa = PBXFileReference; lastKnownFileType = text.xcconfig; name = "Maple Flash revision 3+.xcconfig"; path = "Configurations/Maple Flash revision 3+.xcconfig"; sourceTree = "<group>"; };
		F085C84F19AD440F0007BDDC /* Microduino Core with ATmega328-5V.xcconfig */ = {isa = PBXFileReference; lastKnownFileType = text.xcconfig; name = "Microduino Core with ATmega328-5V.xcconfig"; path = "Configurations/Microduino Core with ATmega328-5V.xcconfig"; sourceTree = "<group>"; };
		F085C85019AD440F0007BDDC /* Microduino Core32u4 with ATmega328U4-5V.xcconfig */ = {isa = PBXFileReference; lastKnownFileType = text.xcconfig; name = "Microduino Core32u4 with ATmega328U4-5V.xcconfig"; path = "Configurations/Microduino Core32u4 with ATmega328U4-5V.xcconfig"; sourceTree = "<group>"; };
		F085C85119AD440F0007BDDC /* Microduino Core+ with ATmega644-5V.xcconfig */ = {isa = PBXFileReference; lastKnownFileType = text.xcconfig; name = "Microduino Core+ with ATmega644-5V.xcconfig"; path = "Configurations/Microduino Core+ with ATmega644-5V.xcconfig"; sourceTree = "<group>"; };
		F085C85219AD440F0007BDDC /* My Board.xcconfig */ = {isa = PBXFileReference; lastKnownFileType = text.xcconfig; name = "My Board.xcconfig"; path = "Configurations/My Board.xcconfig"; sourceTree = "<group>"; };
		F085C85319AD440F0007BDDC /* Protostack with ATmega328 (USBASP).xcconfig */ = {isa = PBXFileReference; lastKnownFileType = text.xcconfig; name = "Protostack with ATmega328 (USBASP).xcconfig"; path = "Configurations/Protostack with ATmega328 (USBASP).xcconfig"; sourceTree = "<group>"; };
		F085C85419AD440F0007BDDC /* Protostack with ATmega328 (USBtinyISP).xcconfig */ = {isa = PBXFileReference; lastKnownFileType = text.xcconfig; name = "Protostack with ATmega328 (USBtinyISP).xcconfig"; path = "Configurations/Protostack with ATmega328 (USBtinyISP).xcconfig"; sourceTree = "<group>"; };
		F085C85519AD440F0007BDDC /* Sparkfun Uno.xcconfig */ = {isa = PBXFileReference; lastKnownFileType = text.xcconfig; name = "Sparkfun Uno.xcconfig"; path = "Configurations/Sparkfun Uno.xcconfig"; sourceTree = "<group>"; };
		F085C85619AD440F0007BDDC /* Teensy 2.0.xcconfig */ = {isa = PBXFileReference; lastKnownFileType = text.xcconfig; name = "Teensy 2.0.xcconfig"; path = "Configurations/Teensy 2.0.xcconfig"; sourceTree = "<group>"; };
		F085C85719AD440F0007BDDC /* Teensy 3.0.xcconfig */ = {isa = PBXFileReference; lastKnownFileType = text.xcconfig; name = "Teensy 3.0.xcconfig"; path = "Configurations/Teensy 3.0.xcconfig"; sourceTree = "<group>"; };
		F085C85819AD440F0007BDDC /* Teensy 3.1.xcconfig */ = {isa = PBXFileReference; lastKnownFileType = text.xcconfig; name = "Teensy 3.1.xcconfig"; path = "Configurations/Teensy 3.1.xcconfig"; sourceTree = "<group>"; };
		F085C85919AD440F0007BDDC /* Wiring S.xcconfig */ = {isa = PBXFileReference; lastKnownFileType = text.xcconfig; name = "Wiring S.xcconfig"; path = "Configurations/Wiring S.xcconfig"; sourceTree = "<group>"; };
		F085C85B19AD44100007BDDC /* Arduino.mk */ = {isa = PBXFileReference; lastKnownFileType = text; name = Arduino.mk; path = Makefiles/Arduino.mk; sourceTree = "<group>"; };
		F085C85C19AD44100007BDDC /* Arduino1.mk */ = {isa = PBXFileReference; lastKnownFileType = text; name = Arduino1.mk; path = Makefiles/Arduino1.mk; sourceTree = "<group>"; };
		F085C85D19AD44100007BDDC /* Arduino15avr.mk */ = {isa = PBXFileReference; lastKnownFileType = text; name = Arduino15avr.mk; path = Makefiles/Arduino15avr.mk; sourceTree = "<group>"; };
		F085C85E19AD44100007BDDC /* Arduino15sam.mk */ = {isa = PBXFileReference; lastKnownFileType = text; name = Arduino15sam.mk; path = Makefiles/Arduino15sam.mk; sourceTree = "<group>"; };
		F085C85F19AD44100007BDDC /* Arduino23.mk */ = {isa = PBXFileReference; lastKnownFileType = text; name = Arduino23.mk; path = Makefiles/Arduino23.mk; sourceTree = "<group>"; };
		F085C86019AD44100007BDDC /* Digispark.mk */ = {isa = PBXFileReference; lastKnownFileType = text; name = Digispark.mk; path = Makefiles/Digispark.mk; sourceTree = "<group>"; };
		F085C86119AD44100007BDDC /* EnergiaMSP430.mk */ = {isa = PBXFileReference; lastKnownFileType = text; name = EnergiaMSP430.mk; path = Makefiles/EnergiaMSP430.mk; sourceTree = "<group>"; };
		F085C86219AD44100007BDDC /* EnergiaLM4F.mk */ = {isa = PBXFileReference; lastKnownFileType = text; name = EnergiaLM4F.mk; path = Makefiles/EnergiaLM4F.mk; sourceTree = "<group>"; };
		F085C86319AD44100007BDDC /* EnergiaCC3200.mk */ = {isa = PBXFileReference; lastKnownFileType = text; name = EnergiaCC3200.mk; path = Makefiles/EnergiaCC3200.mk; sourceTree = "<group>"; };
		F085C86419AD44100007BDDC /* EnergiaC2000.mk */ = {isa = PBXFileReference; lastKnownFileType = text; name = EnergiaC2000.mk; path = Makefiles/EnergiaC2000.mk; sourceTree = "<group>"; };
		F085C86519AD44100007BDDC /* Galileo.mk */ = {isa = PBXFileReference; lastKnownFileType = text; name = Galileo.mk; path = Makefiles/Galileo.mk; sourceTree = "<group>"; };
		F085C86619AD44100007BDDC /* MapleIDE.mk */ = {isa = PBXFileReference; lastKnownFileType = text; name = MapleIDE.mk; path = Makefiles/MapleIDE.mk; sourceTree = "<group>"; };
		F085C86719AD44100007BDDC /* Microduino.mk */ = {isa = PBXFileReference; lastKnownFileType = text; name = Microduino.mk; path = Makefiles/Microduino.mk; sourceTree = "<group>"; };
		F085C86819AD44100007BDDC /* Mpide.mk */ = {isa = PBXFileReference; lastKnownFileType = text; name = Mpide.mk; path = Makefiles/Mpide.mk; sourceTree = "<group>"; };
		F085C86919AD44100007BDDC /* LightBlue.mk */ = {isa = PBXFileReference; lastKnownFileType = text; name = LightBlue.mk; path = Makefiles/LightBlue.mk; sourceTree = "<group>"; };
		F085C86A19AD44100007BDDC /* Wiring.mk */ = {isa = PBXFileReference; lastKnownFileType = text; name = Wiring.mk; path = Makefiles/Wiring.mk; sourceTree = "<group>"; };
		F085C86B19AD44100007BDDC /* Step1.mk */ = {isa = PBXFileReference; lastKnownFileType = text; name = Step1.mk; path = Makefiles/Step1.mk; sourceTree = "<group>"; };
		F085C86C19AD44100007BDDC /* Step2.mk */ = {isa = PBXFileReference; lastKnownFileType = text; name = Step2.mk; path = Makefiles/Step2.mk; sourceTree = "<group>"; };
		F085C86D19AD44100007BDDC /* Teensy.mk */ = {isa = PBXFileReference; lastKnownFileType = text; name = Teensy.mk; path = Makefiles/Teensy.mk; sourceTree = "<group>"; };
		F085C86E19AD44100007BDDC /* Teensy2.mk */ = {isa = PBXFileReference; lastKnownFileType = text; name = Teensy2.mk; path = Makefiles/Teensy2.mk; sourceTree = "<group>"; };
		F085C86F19AD44100007BDDC /* Teensy3.mk */ = {isa = PBXFileReference; lastKnownFileType = text; name = Teensy3.mk; path = Makefiles/Teensy3.mk; sourceTree = "<group>"; };
		F085C87019AD44100007BDDC /* Avrdude.mk */ = {isa = PBXFileReference; lastKnownFileType = text; name = Avrdude.mk; path = Makefiles/Avrdude.mk; sourceTree = "<group>"; };
		F085C87119AD44100007BDDC /* Doxygen.mk */ = {isa = PBXFileReference; lastKnownFileType = text; name = Doxygen.mk; path = Makefiles/Doxygen.mk; sourceTree = "<group>"; };
		F085C87219AD44100007BDDC /* ReadMe.txt */ = {isa = PBXFileReference; lastKnownFileType = text; path = ReadMe.txt; sourceTree = "<group>"; };
		F085C87419AD44100007BDDC /* About.txt */ = {isa = PBXFileReference; lastKnownFileType = text; name = About.txt; path = About/About.txt; sourceTree = "<group>"; };
		F085C87619AD44100007BDDC /* reset.py */ = {isa = PBXFileReference; lastKnownFileType = text.script.python; name = reset.py; path = Utilities/reset.py; sourceTree = "<group>"; };
		F085C87719AD44100007BDDC /* serial1200.py */ = {isa = PBXFileReference; lastKnownFileType = text.script.python; name = serial1200.py; path = Utilities/serial1200.py; sourceTree = "<group>"; };
		F085C87819AD44100007BDDC /* sshpass */ = {isa = PBXFileReference; lastKnownFileType = "compiled.mach-o.executable"; name = sshpass; path = Utilities/sshpass; sourceTree = "<group>"; };
		F085C87919AD44100007BDDC /* pdf.sh */ = {isa = PBXFileReference; lastKnownFileType = text.script.sh; name = pdf.sh; path = Utilities/pdf.sh; sourceTree = "<group>"; };
		F085C87A19AD44100007BDDC /* dist.sh */ = {isa = PBXFileReference; lastKnownFileType = text.script.sh; name = dist.sh; path = Utilities/dist.sh; sourceTree = "<group>"; };
		F085C87B19AD44100007BDDC /* doxyfile */ = {isa = PBXFileReference; lastKnownFileType = text; name = doxyfile; path = Utilities/doxyfile; sourceTree = "<group>"; };
		F085C87C19AD44100007BDDC /* embedXcode_prepare */ = {isa = PBXFileReference; lastKnownFileType = "compiled.mach-o.executable"; name = embedXcode_prepare; path = Utilities/embedXcode_prepare; sourceTree = "<group>"; };
		F085C87D19AD44100007BDDC /* embedXcode_check */ = {isa = PBXFileReference; lastKnownFileType = "compiled.mach-o.executable"; name = embedXcode_check; path = Utilities/embedXcode_check; sourceTree = "<group>"; };
		F085C87E19AD44100007BDDC /* embedXcode_chrono */ = {isa = PBXFileReference; lastKnownFileType = "compiled.mach-o.executable"; name = embedXcode_chrono; path = Utilities/embedXcode_chrono; sourceTree = "<group>"; };
		F085C87F19AD44100007BDDC /* embedXcode_debug */ = {isa = PBXFileReference; lastKnownFileType = "compiled.mach-o.executable"; name = embedXcode_debug; path = Utilities/embedXcode_debug; sourceTree = "<group>"; };
		F085C88019AD44100007BDDC /* ek_lm4f120xl.cfg */ = {isa = PBXFileReference; lastKnownFileType = text; name = ek_lm4f120xl.cfg; path = Utilities/ek_lm4f120xl.cfg; sourceTree = "<group>"; };
		F085C88119AD44100007BDDC /* ek_lm4f120xl.xml */ = {isa = PBXFileReference; lastKnownFileType = text.xml; name = ek_lm4f120xl.xml; path = Utilities/ek_lm4f120xl.xml; sourceTree = "<group>"; };
		F085C88219AD44100007BDDC /* TemplateIcon.icns */ = {isa = PBXFileReference; lastKnownFileType = image.icns; name = TemplateIcon.icns; path = Utilities/TemplateIcon.icns; sourceTree = "<group>"; };
		F085C88319AD44100007BDDC /* clupload_osx.sh */ = {isa = PBXFileReference; lastKnownFileType = text.script.sh; name = clupload_osx.sh; path = Utilities/clupload_osx.sh; sourceTree = "<group>"; };
		F085C88419AD44100007BDDC /* Atlas_Scientific_EC_Testing.ino */ = {isa = PBXFileReference; lastKnownFileType = text; path = Atlas_Scientific_EC_Testing.ino; sourceTree = "<group>"; };
/* End PBXFileReference section */

/* Begin PBXGroup section */
		F085C80C19AD440F0007BDDC = {
			isa = PBXGroup;
			children = (
				F085C82019AD440F0007BDDC /* Atlas-Scientific EC Testing */,
				F085C81F19AD440F0007BDDC /* Products */,
			);
			sourceTree = "<group>";
		};
		F085C81F19AD440F0007BDDC /* Products */ = {
			isa = PBXGroup;
			children = (
				F085C81E19AD440F0007BDDC /* Index */,
			);
			name = Products;
			sourceTree = "<group>";
		};
		F085C82019AD440F0007BDDC /* Atlas-Scientific EC Testing */ = {
			isa = PBXGroup;
			children = (
				F085C82119AD440F0007BDDC /* main.cpp */,
				F085C82319AD440F0007BDDC /* Makefile */,
				F085C87219AD44100007BDDC /* ReadMe.txt */,
				F085C88419AD44100007BDDC /* Atlas_Scientific_EC_Testing.ino */,
				F085C82519AD440F0007BDDC /* Sketchbook */,
				F085C82719AD440F0007BDDC /* Configurations */,
				F085C85A19AD440F0007BDDC /* Makefiles */,
				F085C87319AD44100007BDDC /* About */,
				F085C87519AD44100007BDDC /* Utilities */,
			);
			path = "Atlas-Scientific EC Testing";
			sourceTree = "<group>";
		};
		F085C82519AD440F0007BDDC /* Sketchbook */ = {
			isa = PBXGroup;
			children = (
				F085C82619AD440F0007BDDC /* Sketchbook.txt */,
			);
			name = Sketchbook;
			sourceTree = "<group>";
		};
		F085C82719AD440F0007BDDC /* Configurations */ = {
			isa = PBXGroup;
			children = (
				F085C82819AD440F0007BDDC /* 4D Systems PICadillo 35T.xcconfig */,
				F085C82919AD440F0007BDDC /* Adafruit ATmega32U4 (USBtinyISP).xcconfig */,
				F085C82A19AD440F0007BDDC /* Arduino Due.xcconfig */,
				F085C82B19AD440F0007BDDC /* Arduino Duemilanove.xcconfig */,
				F085C82C19AD440F0007BDDC /* Arduino Leonardo.xcconfig */,
				F085C82D19AD440F0007BDDC /* Arduino Mega 2560.xcconfig */,
				F085C82E19AD440F0007BDDC /* Arduino Micro.xcconfig */,
				F085C82F19AD440F0007BDDC /* Arduino Pro with ATmega328-3.3V.xcconfig */,
				F085C83019AD440F0007BDDC /* Arduino Pro with ATmega328-5V.xcconfig */,
				F085C83119AD440F0007BDDC /* Arduino Mini with ATmega168.xcconfig */,
				F085C83219AD440F0007BDDC /* Arduino Mini with ATmega328.xcconfig */,
				F085C83319AD440F0007BDDC /* Arduino Nano with ATmega168.xcconfig */,
				F085C83419AD440F0007BDDC /* Arduino Nano with ATmega328.xcconfig */,
				F085C83519AD440F0007BDDC /* Arduino Robot Control.xcconfig */,
				F085C83619AD440F0007BDDC /* Arduino Robot Motor.xcconfig */,
				F085C83719AD440F0007BDDC /* Arduino Uno.xcconfig */,
				F085C83819AD440F0007BDDC /* Arduino Uno (USBtinyISP).xcconfig */,
				F085C83919AD440F0007BDDC /* Arduino Yun.xcconfig */,
				F085C83A19AD440F0007BDDC /* Arduino Yun (WiFi Ethernet).xcconfig */,
				F085C83B19AD440F0007BDDC /* chipKIT Uno32.xcconfig */,
				F085C83C19AD440F0007BDDC /* chipKIT Uno32 (PGM).xcconfig */,
				F085C83D19AD440F0007BDDC /* chipKIT Max32.xcconfig */,
				F085C83E19AD440F0007BDDC /* chipKIT uC32.xcconfig */,
				F085C83F19AD440F0007BDDC /* DFRobot BLuno.xcconfig */,
				F085C84019AD440F0007BDDC /* Digispark Tiny Core.xcconfig */,
				F085C84119AD440F0007BDDC /* Experimeter Board with MSP430FR5739.xcconfig */,
				F085C84219AD440F0007BDDC /* Intel Galileo.xcconfig */,
				F085C84319AD440F0007BDDC /* Intel Galileo Gen2.xcconfig */,
				F085C84419AD440F0007BDDC /* LaunchPad WiFi with CC3200.xcconfig */,
				F085C84519AD440F0007BDDC /* LaunchPad Stellaris with LM4F120.xcconfig */,
				F085C84619AD440F0007BDDC /* LaunchPad Tiva C with TM4C123.xcconfig */,
				F085C84719AD440F0007BDDC /* LaunchPad Tiva C with TM4C129.xcconfig */,
				F085C84819AD440F0007BDDC /* LaunchPad with MSP430G2553.xcconfig */,
				F085C84919AD440F0007BDDC /* LaunchPad with MSP430G2231.xcconfig */,
				F085C84A19AD440F0007BDDC /* LaunchPad with MSP430G2452.xcconfig */,
				F085C84B19AD440F0007BDDC /* LaunchPad with MSP430F5529.xcconfig */,
				F085C84C19AD440F0007BDDC /* LaunchPad with MSP430FR5969.xcconfig */,
				F085C84D19AD440F0007BDDC /* LightBlue Bean (Bluetooth).xcconfig */,
				F085C84E19AD440F0007BDDC /* Maple Flash revision 3+.xcconfig */,
				F085C84F19AD440F0007BDDC /* Microduino Core with ATmega328-5V.xcconfig */,
				F085C85019AD440F0007BDDC /* Microduino Core32u4 with ATmega328U4-5V.xcconfig */,
				F085C85119AD440F0007BDDC /* Microduino Core+ with ATmega644-5V.xcconfig */,
				F085C85219AD440F0007BDDC /* My Board.xcconfig */,
				F085C85319AD440F0007BDDC /* Protostack with ATmega328 (USBASP).xcconfig */,
				F085C85419AD440F0007BDDC /* Protostack with ATmega328 (USBtinyISP).xcconfig */,
				F085C85519AD440F0007BDDC /* Sparkfun Uno.xcconfig */,
				F085C85619AD440F0007BDDC /* Teensy 2.0.xcconfig */,
				F085C85719AD440F0007BDDC /* Teensy 3.0.xcconfig */,
				F085C85819AD440F0007BDDC /* Teensy 3.1.xcconfig */,
				F085C85919AD440F0007BDDC /* Wiring S.xcconfig */,
			);
			name = Configurations;
			sourceTree = "<group>";
		};
		F085C85A19AD440F0007BDDC /* Makefiles */ = {
			isa = PBXGroup;
			children = (
				F085C85B19AD44100007BDDC /* Arduino.mk */,
				F085C85C19AD44100007BDDC /* Arduino1.mk */,
				F085C85D19AD44100007BDDC /* Arduino15avr.mk */,
				F085C85E19AD44100007BDDC /* Arduino15sam.mk */,
				F085C85F19AD44100007BDDC /* Arduino23.mk */,
				F085C86019AD44100007BDDC /* Digispark.mk */,
				F085C86119AD44100007BDDC /* EnergiaMSP430.mk */,
				F085C86219AD44100007BDDC /* EnergiaLM4F.mk */,
				F085C86319AD44100007BDDC /* EnergiaCC3200.mk */,
				F085C86419AD44100007BDDC /* EnergiaC2000.mk */,
				F085C86519AD44100007BDDC /* Galileo.mk */,
				F085C86619AD44100007BDDC /* MapleIDE.mk */,
				F085C86719AD44100007BDDC /* Microduino.mk */,
				F085C86819AD44100007BDDC /* Mpide.mk */,
				F085C86919AD44100007BDDC /* LightBlue.mk */,
				F085C86A19AD44100007BDDC /* Wiring.mk */,
				F085C86B19AD44100007BDDC /* Step1.mk */,
				F085C86C19AD44100007BDDC /* Step2.mk */,
				F085C86D19AD44100007BDDC /* Teensy.mk */,
				F085C86E19AD44100007BDDC /* Teensy2.mk */,
				F085C86F19AD44100007BDDC /* Teensy3.mk */,
				F085C87019AD44100007BDDC /* Avrdude.mk */,
				F085C87119AD44100007BDDC /* Doxygen.mk */,
			);
			name = Makefiles;
			sourceTree = "<group>";
		};
		F085C87319AD44100007BDDC /* About */ = {
			isa = PBXGroup;
			children = (
				F085C87419AD44100007BDDC /* About.txt */,
			);
			name = About;
			sourceTree = "<group>";
		};
		F085C87519AD44100007BDDC /* Utilities */ = {
			isa = PBXGroup;
			children = (
				F085C87619AD44100007BDDC /* reset.py */,
				F085C87719AD44100007BDDC /* serial1200.py */,
				F085C87819AD44100007BDDC /* sshpass */,
				F085C87919AD44100007BDDC /* pdf.sh */,
				F085C87A19AD44100007BDDC /* dist.sh */,
				F085C87B19AD44100007BDDC /* doxyfile */,
				F085C87C19AD44100007BDDC /* embedXcode_prepare */,
				F085C87D19AD44100007BDDC /* embedXcode_check */,
				F085C87E19AD44100007BDDC /* embedXcode_chrono */,
				F085C87F19AD44100007BDDC /* embedXcode_debug */,
				F085C88019AD44100007BDDC /* ek_lm4f120xl.cfg */,
				F085C88119AD44100007BDDC /* ek_lm4f120xl.xml */,
				F085C88219AD44100007BDDC /* TemplateIcon.icns */,
				F085C88319AD44100007BDDC /* clupload_osx.sh */,
			);
			name = Utilities;
			sourceTree = "<group>";
		};
/* End PBXGroup section */

/* Begin PBXLegacyTarget section */
		F085C81119AD440F0007BDDC /* All */ = {
			isa = PBXLegacyTarget;
			buildArgumentsString = "all -C \"$(PROJECT)\"";
			buildConfigurationList = F085C88719AD44100007BDDC /* Build configuration list for PBXLegacyTarget "All" */;
			buildPhases = (
			);
			buildToolPath = make;
			dependencies = (
			);
			name = All;
			passBuildSettingsInEnvironment = 1;
			productName = All;
		};
		F085C81219AD440F0007BDDC /* Build */ = {
			isa = PBXLegacyTarget;
			buildArgumentsString = "build -C \"$(PROJECT)\"";
			buildConfigurationList = F085C88A19AD44100007BDDC /* Build configuration list for PBXLegacyTarget "Build" */;
			buildPhases = (
			);
			buildToolPath = make;
			dependencies = (
			);
			name = Build;
			passBuildSettingsInEnvironment = 1;
			productName = Build;
		};
		F085C81319AD440F0007BDDC /* Document */ = {
			isa = PBXLegacyTarget;
			buildArgumentsString = "document -C \"$(PROJECT)\"";
			buildConfigurationList = F085C88D19AD44100007BDDC /* Build configuration list for PBXLegacyTarget "Document" */;
			buildPhases = (
			);
			buildToolPath = make;
			dependencies = (
			);
			name = Document;
			passBuildSettingsInEnvironment = 1;
			productName = Document;
		};
		F085C81419AD440F0007BDDC /* Distribute */ = {
			isa = PBXLegacyTarget;
			buildArgumentsString = "distribute -C \"$(PROJECT)\"";
			buildConfigurationList = F085C89019AD44100007BDDC /* Build configuration list for PBXLegacyTarget "Distribute" */;
			buildPhases = (
			);
			buildToolPath = make;
			dependencies = (
			);
			name = Distribute;
			passBuildSettingsInEnvironment = 1;
			productName = Distribute;
		};
		F085C81519AD440F0007BDDC /* Boards */ = {
			isa = PBXLegacyTarget;
			buildArgumentsString = "boards -C \"$(PROJECT)\"";
			buildConfigurationList = F085C89319AD44100007BDDC /* Build configuration list for PBXLegacyTarget "Boards" */;
			buildPhases = (
			);
			buildToolPath = make;
			dependencies = (
			);
			name = Boards;
			passBuildSettingsInEnvironment = 1;
			productName = Boards;
		};
		F085C81619AD440F0007BDDC /* Serial */ = {
			isa = PBXLegacyTarget;
			buildArgumentsString = "serial -C \"$(PROJECT)\"";
			buildConfigurationList = F085C89619AD44100007BDDC /* Build configuration list for PBXLegacyTarget "Serial" */;
			buildPhases = (
			);
			buildToolPath = make;
			dependencies = (
			);
			name = Serial;
			passBuildSettingsInEnvironment = 1;
			productName = Serial;
		};
		F085C81719AD440F0007BDDC /* Upload */ = {
			isa = PBXLegacyTarget;
			buildArgumentsString = "upload -C \"$(PROJECT)\"";
			buildConfigurationList = F085C89919AD44100007BDDC /* Build configuration list for PBXLegacyTarget "Upload" */;
			buildPhases = (
			);
			buildToolPath = make;
			dependencies = (
			);
			name = Upload;
			passBuildSettingsInEnvironment = 1;
			productName = Upload;
		};
		F085C81819AD440F0007BDDC /* Clean */ = {
			isa = PBXLegacyTarget;
			buildArgumentsString = "clean -C \"$(PROJECT)\"";
			buildConfigurationList = F085C89C19AD44100007BDDC /* Build configuration list for PBXLegacyTarget "Clean" */;
			buildPhases = (
			);
			buildToolPath = make;
			dependencies = (
			);
			name = Clean;
			passBuildSettingsInEnvironment = 1;
			productName = Clean;
		};
		F085C81919AD440F0007BDDC /* Fast */ = {
			isa = PBXLegacyTarget;
			buildArgumentsString = "fast -C \"$(PROJECT)\"";
			buildConfigurationList = F085C89F19AD44100007BDDC /* Build configuration list for PBXLegacyTarget "Fast" */;
			buildPhases = (
			);
			buildToolPath = make;
			dependencies = (
			);
			name = Fast;
			passBuildSettingsInEnvironment = 1;
			productName = Fast;
		};
		F085C81A19AD440F0007BDDC /* Make */ = {
			isa = PBXLegacyTarget;
			buildArgumentsString = "make -C \"$(PROJECT)\"";
			buildConfigurationList = F085C8A219AD44100007BDDC /* Build configuration list for PBXLegacyTarget "Make" */;
			buildPhases = (
			);
			buildToolPath = make;
			dependencies = (
			);
			name = Make;
			passBuildSettingsInEnvironment = 1;
			productName = Make;
		};
		F085C81B19AD440F0007BDDC /* Debug */ = {
			isa = PBXLegacyTarget;
			buildArgumentsString = "debug -C \"$(PROJECT)\"";
			buildConfigurationList = F085C8A519AD44100007BDDC /* Build configuration list for PBXLegacyTarget "Debug" */;
			buildPhases = (
			);
			buildToolPath = make;
			dependencies = (
			);
			name = Debug;
			passBuildSettingsInEnvironment = 1;
			productName = Debug;
		};
/* End PBXLegacyTarget section */

/* Begin PBXNativeTarget section */
		F085C81D19AD440F0007BDDC /* Index */ = {
			isa = PBXNativeTarget;
			buildConfigurationList = F085C8A819AD44100007BDDC /* Build configuration list for PBXNativeTarget "Index" */;
			buildPhases = (
				F085C81C19AD440F0007BDDC /* Sources */,
			);
			buildRules = (
			);
			dependencies = (
			);
			name = Index;
			productName = Index;
			productReference = F085C81E19AD440F0007BDDC /* Index */;
			productType = "com.apple.product-type.tool";
		};
/* End PBXNativeTarget section */

/* Begin PBXProject section */
		F085C80D19AD440F0007BDDC /* Project object */ = {
			isa = PBXProject;
			attributes = {
				LastUpgradeCheck = 0510;
				ORGANIZATIONNAME = "Margaret Johnson";
			};
			buildConfigurationList = F085C81019AD440F0007BDDC /* Build configuration list for PBXProject "Atlas-Scientific EC Testing" */;
			compatibilityVersion = "Xcode 3.2";
			developmentRegion = English;
			hasScannedForEncodings = 0;
			knownRegions = (
				en,
			);
			mainGroup = F085C80C19AD440F0007BDDC;
			productRefGroup = F085C81F19AD440F0007BDDC /* Products */;
			projectDirPath = "";
			projectRoot = "";
			targets = (
				F085C81119AD440F0007BDDC /* All */,
				F085C81219AD440F0007BDDC /* Build */,
				F085C81319AD440F0007BDDC /* Document */,
				F085C81419AD440F0007BDDC /* Distribute */,
				F085C81519AD440F0007BDDC /* Boards */,
				F085C81619AD440F0007BDDC /* Serial */,
				F085C81719AD440F0007BDDC /* Upload */,
				F085C81819AD440F0007BDDC /* Clean */,
				F085C81919AD440F0007BDDC /* Fast */,
				F085C81A19AD440F0007BDDC /* Make */,
				F085C81B19AD440F0007BDDC /* Debug */,
				F085C81D19AD440F0007BDDC /* Index */,
			);
		};
/* End PBXProject section */

/* Begin PBXSourcesBuildPhase section */
		F085C81C19AD440F0007BDDC /* Sources */ = {
			isa = PBXSourcesBuildPhase;
			buildActionMask = 2147483647;
			files = (
				F085C82419AD440F0007BDDC /* Makefile in Sources */,
				F085C82219AD440F0007BDDC /* main.cpp in Sources */,
			);
			runOnlyForDeploymentPostprocessing = 0;
		};
/* End PBXSourcesBuildPhase section */

/* Begin XCBuildConfiguration section */
		F085C88519AD44100007BDDC /* Debug */ = {
			isa = XCBuildConfiguration;
			baseConfigurationReference = F085C83719AD440F0007BDDC /* Arduino Uno.xcconfig */;
			buildSettings = {
				ALWAYS_SEARCH_USER_PATHS = NO;
				CLANG_CXX_LANGUAGE_STANDARD = "gnu++0x";
				CLANG_CXX_LIBRARY = "libc++";
				CLANG_ENABLE_MODULES = YES;
				CLANG_ENABLE_OBJC_ARC = YES;
				CLANG_WARN_BOOL_CONVERSION = YES;
				CLANG_WARN_CONSTANT_CONVERSION = YES;
				CLANG_WARN_DIRECT_OBJC_ISA_USAGE = YES_ERROR;
				CLANG_WARN_EMPTY_BODY = YES;
				CLANG_WARN_ENUM_CONVERSION = YES;
				CLANG_WARN_INT_CONVERSION = YES;
				CLANG_WARN_OBJC_ROOT_CLASS = YES_ERROR;
				CLANG_WARN__DUPLICATE_METHOD_MATCH = YES;
				COPY_PHASE_STRIP = NO;
				GCC_C_LANGUAGE_STANDARD = gnu99;
				GCC_DYNAMIC_NO_PIC = NO;
				GCC_OPTIMIZATION_LEVEL = 0;
				GCC_PREPROCESSOR_DEFINITIONS = (
					"DEBUG=1",
					"$(inherited)",
				);
				GCC_SYMBOLS_PRIVATE_EXTERN = NO;
				GCC_WARN_64_TO_32_BIT_CONVERSION = YES;
				GCC_WARN_ABOUT_RETURN_TYPE = YES_ERROR;
				GCC_WARN_UNDECLARED_SELECTOR = YES;
				GCC_WARN_UNINITIALIZED_AUTOS = YES_AGGRESSIVE;
				GCC_WARN_UNUSED_FUNCTION = YES;
				GCC_WARN_UNUSED_VARIABLE = YES;
				HEADER_SEARCH_PATHS = "$(inherited)";
				PATH = "$(PATH):$(PROJECT_DIR)";
				PRODUCT_NAME = "$(TARGET_NAME)";
				SKETCHBOOK_DIR = "";
				SKETCH_EXTENSION = ino;
			};
			name = Debug;
		};
		F085C88619AD44100007BDDC /* Release */ = {
			isa = XCBuildConfiguration;
			buildSettings = {
				ALWAYS_SEARCH_USER_PATHS = NO;
				CLANG_CXX_LANGUAGE_STANDARD = "gnu++0x";
				CLANG_CXX_LIBRARY = "libc++";
				CLANG_ENABLE_MODULES = YES;
				CLANG_ENABLE_OBJC_ARC = YES;
				CLANG_WARN_BOOL_CONVERSION = YES;
				CLANG_WARN_CONSTANT_CONVERSION = YES;
				CLANG_WARN_DIRECT_OBJC_ISA_USAGE = YES_ERROR;
				CLANG_WARN_EMPTY_BODY = YES;
				CLANG_WARN_ENUM_CONVERSION = YES;
				CLANG_WARN_INT_CONVERSION = YES;
				CLANG_WARN_OBJC_ROOT_CLASS = YES_ERROR;
				CLANG_WARN__DUPLICATE_METHOD_MATCH = YES;
				COPY_PHASE_STRIP = YES;
				ENABLE_NS_ASSERTIONS = NO;
				GCC_C_LANGUAGE_STANDARD = gnu99;
				GCC_WARN_64_TO_32_BIT_CONVERSION = YES;
				GCC_WARN_ABOUT_RETURN_TYPE = YES_ERROR;
				GCC_WARN_UNDECLARED_SELECTOR = YES;
				GCC_WARN_UNINITIALIZED_AUTOS = YES_AGGRESSIVE;
				GCC_WARN_UNUSED_FUNCTION = YES;
				GCC_WARN_UNUSED_VARIABLE = YES;
				HEADER_SEARCH_PATHS = "$(inherited)";
				PATH = "$(PATH):$(PROJECT_DIR)";
				PRODUCT_NAME = "$(TARGET_NAME)";
				SKETCHBOOK_DIR = "";
				SKETCH_EXTENSION = ino;
			};
			name = Release;
		};
		F085C88819AD44100007BDDC /* Debug */ = {
			isa = XCBuildConfiguration;
			buildSettings = {
				PRODUCT_NAME = "$(TARGET_NAME)";
			};
			name = Debug;
		};
		F085C88919AD44100007BDDC /* Release */ = {
			isa = XCBuildConfiguration;
			buildSettings = {
				PRODUCT_NAME = "$(TARGET_NAME)";
			};
			name = Release;
		};
		F085C88B19AD44100007BDDC /* Debug */ = {
			isa = XCBuildConfiguration;
			buildSettings = {
			};
			name = Debug;
		};
		F085C88C19AD44100007BDDC /* Release */ = {
			isa = XCBuildConfiguration;
			buildSettings = {
			};
			name = Release;
		};
		F085C88E19AD44100007BDDC /* Debug */ = {
			isa = XCBuildConfiguration;
			buildSettings = {
			};
			name = Debug;
		};
		F085C88F19AD44100007BDDC /* Release */ = {
			isa = XCBuildConfiguration;
			buildSettings = {
			};
			name = Release;
		};
		F085C89119AD44100007BDDC /* Debug */ = {
			isa = XCBuildConfiguration;
			buildSettings = {
			};
			name = Debug;
		};
		F085C89219AD44100007BDDC /* Release */ = {
			isa = XCBuildConfiguration;
			buildSettings = {
			};
			name = Release;
		};
		F085C89419AD44100007BDDC /* Debug */ = {
			isa = XCBuildConfiguration;
			buildSettings = {
			};
			name = Debug;
		};
		F085C89519AD44100007BDDC /* Release */ = {
			isa = XCBuildConfiguration;
			buildSettings = {
			};
			name = Release;
		};
		F085C89719AD44100007BDDC /* Debug */ = {
			isa = XCBuildConfiguration;
			buildSettings = {
			};
			name = Debug;
		};
		F085C89819AD44100007BDDC /* Release */ = {
			isa = XCBuildConfiguration;
			buildSettings = {
			};
			name = Release;
		};
		F085C89A19AD44100007BDDC /* Debug */ = {
			isa = XCBuildConfiguration;
			buildSettings = {
			};
			name = Debug;
		};
		F085C89B19AD44100007BDDC /* Release */ = {
			isa = XCBuildConfiguration;
			buildSettings = {
			};
			name = Release;
		};
		F085C89D19AD44100007BDDC /* Debug */ = {
			isa = XCBuildConfiguration;
			buildSettings = {
			};
			name = Debug;
		};
		F085C89E19AD44100007BDDC /* Release */ = {
			isa = XCBuildConfiguration;
			buildSettings = {
			};
			name = Release;
		};
		F085C8A019AD44100007BDDC /* Debug */ = {
			isa = XCBuildConfiguration;
			buildSettings = {
			};
			name = Debug;
		};
		F085C8A119AD44100007BDDC /* Release */ = {
			isa = XCBuildConfiguration;
			buildSettings = {
			};
			name = Release;
		};
		F085C8A319AD44100007BDDC /* Debug */ = {
			isa = XCBuildConfiguration;
			buildSettings = {
			};
			name = Debug;
		};
		F085C8A419AD44100007BDDC /* Release */ = {
			isa = XCBuildConfiguration;
			buildSettings = {
			};
			name = Release;
		};
		F085C8A619AD44100007BDDC /* Debug */ = {
			isa = XCBuildConfiguration;
			buildSettings = {
			};
			name = Debug;
		};
		F085C8A719AD44100007BDDC /* Release */ = {
			isa = XCBuildConfiguration;
			buildSettings = {
			};
			name = Release;
		};
		F085C8A919AD44100007BDDC /* Debug */ = {
			isa = XCBuildConfiguration;
			buildSettings = {
			};
			name = Debug;
		};
		F085C8AA19AD44100007BDDC /* Release */ = {
			isa = XCBuildConfiguration;
			buildSettings = {
			};
			name = Release;
		};
/* End XCBuildConfiguration section */

/* Begin XCConfigurationList section */
		F085C81019AD440F0007BDDC /* Build configuration list for PBXProject "Atlas-Scientific EC Testing" */ = {
			isa = XCConfigurationList;
			buildConfigurations = (
				F085C88519AD44100007BDDC /* Debug */,
				F085C88619AD44100007BDDC /* Release */,
			);
			defaultConfigurationIsVisible = 0;
			defaultConfigurationName = Release;
		};
		F085C88719AD44100007BDDC /* Build configuration list for PBXLegacyTarget "All" */ = {
			isa = XCConfigurationList;
			buildConfigurations = (
				F085C88819AD44100007BDDC /* Debug */,
				F085C88919AD44100007BDDC /* Release */,
			);
			defaultConfigurationIsVisible = 0;
		};
		F085C88A19AD44100007BDDC /* Build configuration list for PBXLegacyTarget "Build" */ = {
			isa = XCConfigurationList;
			buildConfigurations = (
				F085C88B19AD44100007BDDC /* Debug */,
				F085C88C19AD44100007BDDC /* Release */,
			);
			defaultConfigurationIsVisible = 0;
		};
		F085C88D19AD44100007BDDC /* Build configuration list for PBXLegacyTarget "Document" */ = {
			isa = XCConfigurationList;
			buildConfigurations = (
				F085C88E19AD44100007BDDC /* Debug */,
				F085C88F19AD44100007BDDC /* Release */,
			);
			defaultConfigurationIsVisible = 0;
		};
		F085C89019AD44100007BDDC /* Build configuration list for PBXLegacyTarget "Distribute" */ = {
			isa = XCConfigurationList;
			buildConfigurations = (
				F085C89119AD44100007BDDC /* Debug */,
				F085C89219AD44100007BDDC /* Release */,
			);
			defaultConfigurationIsVisible = 0;
		};
		F085C89319AD44100007BDDC /* Build configuration list for PBXLegacyTarget "Boards" */ = {
			isa = XCConfigurationList;
			buildConfigurations = (
				F085C89419AD44100007BDDC /* Debug */,
				F085C89519AD44100007BDDC /* Release */,
			);
			defaultConfigurationIsVisible = 0;
		};
		F085C89619AD44100007BDDC /* Build configuration list for PBXLegacyTarget "Serial" */ = {
			isa = XCConfigurationList;
			buildConfigurations = (
				F085C89719AD44100007BDDC /* Debug */,
				F085C89819AD44100007BDDC /* Release */,
			);
			defaultConfigurationIsVisible = 0;
		};
		F085C89919AD44100007BDDC /* Build configuration list for PBXLegacyTarget "Upload" */ = {
			isa = XCConfigurationList;
			buildConfigurations = (
				F085C89A19AD44100007BDDC /* Debug */,
				F085C89B19AD44100007BDDC /* Release */,
			);
			defaultConfigurationIsVisible = 0;
		};
		F085C89C19AD44100007BDDC /* Build configuration list for PBXLegacyTarget "Clean" */ = {
			isa = XCConfigurationList;
			buildConfigurations = (
				F085C89D19AD44100007BDDC /* Debug */,
				F085C89E19AD44100007BDDC /* Release */,
			);
			defaultConfigurationIsVisible = 0;
		};
		F085C89F19AD44100007BDDC /* Build configuration list for PBXLegacyTarget "Fast" */ = {
			isa = XCConfigurationList;
			buildConfigurations = (
				F085C8A019AD44100007BDDC /* Debug */,
				F085C8A119AD44100007BDDC /* Release */,
			);
			defaultConfigurationIsVisible = 0;
		};
		F085C8A219AD44100007BDDC /* Build configuration list for PBXLegacyTarget "Make" */ = {
			isa = XCConfigurationList;
			buildConfigurations = (
				F085C8A319AD44100007BDDC /* Debug */,
				F085C8A419AD44100007BDDC /* Release */,
			);
			defaultConfigurationIsVisible = 0;
		};
		F085C8A519AD44100007BDDC /* Build configuration list for PBXLegacyTarget "Debug" */ = {
			isa = XCConfigurationList;
			buildConfigurations = (
				F085C8A619AD44100007BDDC /* Debug */,
				F085C8A719AD44100007BDDC /* Release */,
			);
			defaultConfigurationIsVisible = 0;
		};
		F085C8A819AD44100007BDDC /* Build configuration list for PBXNativeTarget "Index" */ = {
			isa = XCConfigurationList;
			buildConfigurations = (
				F085C8A919AD44100007BDDC /* Debug */,
				F085C8AA19AD44100007BDDC /* Release */,
			);
			defaultConfigurationIsVisible = 0;
		};
/* End XCConfigurationList section */
	};
	rootObject = F085C80D19AD440F0007BDDC /* Project object */;
}
